{
  "requires": true,
  "lockfileVersion": 1,
  "dependencies": {
    "mobx": {
      "version": "6.0.0",
      "resolved": "https://registry.npmjs.org/mobx/-/mobx-6.0.0.tgz",
      "integrity": "sha512-bjwqOFkr2FebW0sul7UgbWz4/l7mNvTmE1FPhj95Jeg74v2GSCvtyLeuuiRDF/2bClD9K/P4x/RpLzupbtP7Iw=="
    }
  }
}
